Microsoft Visual Studio Solution File, Format Version 12.00
# Visual Studio Version 17
VisualStudioVersion = 17.5.2.0
MinimumVisualStudioVersion = 10.0.40219.1
Project("{FAE04EC0-301F-11D3-BF4B-00C04F79EFBC}") = "SalaEscape-Grinstein-Sack-Galanti", "SalaEscape-Grinstein-Sack-Galanti.csproj", "{8735ED86-7146-BEB0-9183-8E7F2EF087D8}"
EndProject
Global
	GlobalSection(SolutionConfigurationPlatforms) = preSolution
		Debug|Any CPU = Debug|Any CPU
		Release|Any CPU = Release|Any CPU
	EndGlobalSection
	GlobalSection(ProjectConfigurationPlatforms) = postSolution
		{8735ED86-7146-BEB0-9183-8E7F2EF087D8}.Debug|Any CPU.ActiveCfg = Debug|Any CPU
		{8735ED86-7146-BEB0-9183-8E7F2EF087D8}.Debug|Any CPU.Build.0 = Debug|Any CPU
		{8735ED86-7146-BEB0-9183-8E7F2EF087D8}.Release|Any CPU.ActiveCfg = Release|Any CPU
		{8735ED86-7146-BEB0-9183-8E7F2EF087D8}.Release|Any CPU.Build.0 = Release|Any CPU
	EndGlobalSection
	GlobalSection(SolutionProperties) = preSolution
		HideSolutionNode = FALSE
	EndGlobalSection
	GlobalSection(ExtensibilityGlobals) = postSolution
		SolutionGuid = {88DECE57-3DC6-44F4-ADEB-67AF5F0374D7}
	EndGlobalSection
EndGlobal
